// !$*UTF8*$!
{
	archiveVersion = 1;
	classes = {
	};
	objectVersion = 50;
	objects = {

/* Begin PBXBuildFile section */
		4AE4A881FC8217BAD9D7F5B5 /* Pods_LastFM.framework in Frameworks */ = {isa = PBXBuildFile; fileRef = 4298AB968D1CD80B76D4123E /* Pods_LastFM.framework */; };
		DDA634A922034C430044823B /* AppDelegate.swift in Sources */ = {isa = PBXBuildFile; fileRef = DDA634A822034C430044823B /* AppDelegate.swift */; };
		DDA634AE22034C430044823B /* Main.storyboard in Resources */ = {isa = PBXBuildFile; fileRef = DDA634AC22034C430044823B /* Main.storyboard */; };
		DDA634B022034C430044823B /* Assets.xcassets in Resources */ = {isa = PBXBuildFile; fileRef = DDA634AF22034C430044823B /* Assets.xcassets */; };
		DDA634B322034C440044823B /* LaunchScreen.storyboard in Resources */ = {isa = PBXBuildFile; fileRef = DDA634B122034C430044823B /* LaunchScreen.storyboard */; };
		DDA634C7220351E70044823B /* MainCollectionViewController.swift in Sources */ = {isa = PBXBuildFile; fileRef = DDA634C6220351E70044823B /* MainCollectionViewController.swift */; };
		DDA634CC22035F500044823B /* Coordinator.swift in Sources */ = {isa = PBXBuildFile; fileRef = DDA634CB22035F500044823B /* Coordinator.swift */; };
		DDA634CE22035F5F0044823B /* AppCoordinator.swift in Sources */ = {isa = PBXBuildFile; fileRef = DDA634CD22035F5F0044823B /* AppCoordinator.swift */; };
		DDA634D0220360320044823B /* MainCollectionViewCoordinator.swift in Sources */ = {isa = PBXBuildFile; fileRef = DDA634CF220360320044823B /* MainCollectionViewCoordinator.swift */; };
		DDA634D2220362410044823B /* MainCollectionViewInteractor.swift in Sources */ = {isa = PBXBuildFile; fileRef = DDA634D1220362410044823B /* MainCollectionViewInteractor.swift */; };
/* End PBXBuildFile section */

/* Begin PBXFileReference section */
		0D8B477B98B7345D884140E5 /* Pods-LastFM.release.xcconfig */ = {isa = PBXFileReference; includeInIndex = 1; lastKnownFileType = text.xcconfig; name = "Pods-LastFM.release.xcconfig"; path = "Pods/Target Support Files/Pods-LastFM/Pods-LastFM.release.xcconfig"; sourceTree = "<group>"; };
		4298AB968D1CD80B76D4123E /* Pods_LastFM.framework */ = {isa = PBXFileReference; explicitFileType = wrapper.framework; includeInIndex = 0; path = Pods_LastFM.framework; sourceTree = BUILT_PRODUCTS_DIR; };
		DDA634A522034C430044823B /* LastFM.app */ = {isa = PBXFileReference; explicitFileType = wrapper.application; includeInIndex = 0; path = LastFM.app; sourceTree = BUILT_PRODUCTS_DIR; };
		DDA634A822034C430044823B /* AppDelegate.swift */ = {isa = PBXFileReference; lastKnownFileType = sourcecode.swift; path = AppDelegate.swift; sourceTree = "<group>"; };
		DDA634AD22034C430044823B /* Base */ = {isa = PBXFileReference; lastKnownFileType = file.storyboard; name = Base; path = Base.lproj/Main.storyboard; sourceTree = "<group>"; };
		DDA634AF22034C430044823B /* Assets.xcassets */ = {isa = PBXFileReference; lastKnownFileType = folder.assetcatalog; path = Assets.xcassets; sourceTree = "<group>"; };
		DDA634B222034C440044823B /* Base */ = {isa = PBXFileReference; lastKnownFileType = file.storyboard; name = Base; path = Base.lproj/LaunchScreen.storyboard; sourceTree = "<group>"; };
		DDA634B422034C440044823B /* Info.plist */ = {isa = PBXFileReference; lastKnownFileType = text.plist.xml; path = Info.plist; sourceTree = "<group>"; };
		DDA634C6220351E70044823B /* MainCollectionViewController.swift */ = {isa = PBXFileReference; lastKnownFileType = sourcecode.swift; path = MainCollectionViewController.swift; sourceTree = "<group>"; };
		DDA634CB22035F500044823B /* Coordinator.swift */ = {isa = PBXFileReference; lastKnownFileType = sourcecode.swift; path = Coordinator.swift; sourceTree = "<group>"; };
		DDA634CD22035F5F0044823B /* AppCoordinator.swift */ = {isa = PBXFileReference; lastKnownFileType = sourcecode.swift; path = AppCoordinator.swift; sourceTree = "<group>"; };
		DDA634CF220360320044823B /* MainCollectionViewCoordinator.swift */ = {isa = PBXFileReference; lastKnownFileType = sourcecode.swift; path = MainCollectionViewCoordinator.swift; sourceTree = "<group>"; };
		DDA634D1220362410044823B /* MainCollectionViewInteractor.swift */ = {isa = PBXFileReference; lastKnownFileType = sourcecode.swift; path = MainCollectionViewInteractor.swift; sourceTree = "<group>"; };
		E7CFAA99128BAFAA8F340095 /* Pods-LastFM.debug.xcconfig */ = {isa = PBXFileReference; includeInIndex = 1; lastKnownFileType = text.xcconfig; name = "Pods-LastFM.debug.xcconfig"; path = "Pods/Target Support Files/Pods-LastFM/Pods-LastFM.debug.xcconfig"; sourceTree = "<group>"; };
/* End PBXFileReference section */

/* Begin PBXFrameworksBuildPhase section */
		DDA634A222034C430044823B /* Frameworks */ = {
			isa = PBXFrameworksBuildPhase;
			buildActionMask = 2147483647;
			files = (
				4AE4A881FC8217BAD9D7F5B5 /* Pods_LastFM.framework in Frameworks */,
			);
			runOnlyForDeploymentPostprocessing = 0;
		};
/* End PBXFrameworksBuildPhase section */

/* Begin PBXGroup section */
		2F49637027456AC09C2662EF /* Frameworks */ = {
			isa = PBXGroup;
			children = (
				4298AB968D1CD80B76D4123E /* Pods_LastFM.framework */,
			);
			name = Frameworks;
			sourceTree = "<group>";
		};
		57BECB3CC39CB12EEEE32950 /* Pods */ = {
			isa = PBXGroup;
			children = (
				E7CFAA99128BAFAA8F340095 /* Pods-LastFM.debug.xcconfig */,
				0D8B477B98B7345D884140E5 /* Pods-LastFM.release.xcconfig */,
			);
			name = Pods;
			sourceTree = "<group>";
		};
		DDA6349C22034C430044823B = {
			isa = PBXGroup;
			children = (
				DDA634A722034C430044823B /* LastFM */,
				DDA634A622034C430044823B /* Products */,
				57BECB3CC39CB12EEEE32950 /* Pods */,
				2F49637027456AC09C2662EF /* Frameworks */,
			);
			sourceTree = "<group>";
		};
		DDA634A622034C430044823B /* Products */ = {
			isa = PBXGroup;
			children = (
				DDA634A522034C430044823B /* LastFM.app */,
			);
			name = Products;
			sourceTree = "<group>";
		};
		DDA634A722034C430044823B /* LastFM */ = {
			isa = PBXGroup;
			children = (
				DDA634A822034C430044823B /* AppDelegate.swift */,
				DDA634BB22034D600044823B /* Info */,
				DDA634C2220350F60044823B /* Coordinators */,
				DDA634BE22034D8E0044823B /* Storyboards */,
				DDA634BD22034D860044823B /* ViewControllers */,
			);
			path = LastFM;
			sourceTree = "<group>";
		};
		DDA634BA22034D5C0044823B /* Resources */ = {
			isa = PBXGroup;
			children = (
				DDA634AF22034C430044823B /* Assets.xcassets */,
			);
			path = Resources;
			sourceTree = "<group>";
		};
		DDA634BB22034D600044823B /* Info */ = {
			isa = PBXGroup;
			children = (
				DDA634B422034C440044823B /* Info.plist */,
				DDA634BA22034D5C0044823B /* Resources */,
			);
			name = Info;
			sourceTree = "<group>";
		};
		DDA634BD22034D860044823B /* ViewControllers */ = {
			isa = PBXGroup;
			children = (
				DDA634C5220351B50044823B /* MainCollectionViewController */,
			);
			path = ViewControllers;
			sourceTree = "<group>";
		};
		DDA634BE22034D8E0044823B /* Storyboards */ = {
			isa = PBXGroup;
			children = (
				DDA634AC22034C430044823B /* Main.storyboard */,
				DDA634B122034C430044823B /* LaunchScreen.storyboard */,
			);
			path = Storyboards;
			sourceTree = "<group>";
		};
		DDA634C2220350F60044823B /* Coordinators */ = {
			isa = PBXGroup;
			children = (
				DDA634CB22035F500044823B /* Coordinator.swift */,
				DDA634CD22035F5F0044823B /* AppCoordinator.swift */,
				DDA634CF220360320044823B /* MainCollectionViewCoordinator.swift */,
			);
			path = Coordinators;
			sourceTree = "<group>";
		};
		DDA634C5220351B50044823B /* MainCollectionViewController */ = {
			isa = PBXGroup;
			children = (
				DDA634C6220351E70044823B /* MainCollectionViewController.swift */,
				DDA634D1220362410044823B /* MainCollectionViewInteractor.swift */,
			);
			path = MainCollectionViewController;
			sourceTree = "<group>";
		};
/* End PBXGroup section */

/* Begin PBXNativeTarget section */
		DDA634A422034C430044823B /* LastFM */ = {
			isa = PBXNativeTarget;
			buildConfigurationList = DDA634B722034C440044823B /* Build configuration list for PBXNativeTarget "LastFM" */;
			buildPhases = (
				3C4BDC474E66C2E4D4773A5D /* [CP] Check Pods Manifest.lock */,
				DDA634C122034E660044823B /* SwiftLint Run Script */,
				DDA634A122034C430044823B /* Sources */,
				DDA634A222034C430044823B /* Frameworks */,
				DDA634A322034C430044823B /* Resources */,
			);
			buildRules = (
			);
			dependencies = (
			);
			name = LastFM;
			productName = LastFM;
			productReference = DDA634A522034C430044823B /* LastFM.app */;
			productType = "com.apple.product-type.application";
		};
/* End PBXNativeTarget section */

/* Begin PBXProject section */
		DDA6349D22034C430044823B /* Project object */ = {
			isa = PBXProject;
			attributes = {
				LastSwiftUpdateCheck = 1010;
				LastUpgradeCheck = 1010;
				ORGANIZATIONNAME = "Vadim Koronchik";
				TargetAttributes = {
					DDA634A422034C430044823B = {
						CreatedOnToolsVersion = 10.1;
					};
				};
			};
			buildConfigurationList = DDA634A022034C430044823B /* Build configuration list for PBXProject "LastFM" */;
			compatibilityVersion = "Xcode 9.3";
			developmentRegion = en;
			hasScannedForEncodings = 0;
			knownRegions = (
				en,
				Base,
			);
			mainGroup = DDA6349C22034C430044823B;
			productRefGroup = DDA634A622034C430044823B /* Products */;
			projectDirPath = "";
			projectRoot = "";
			targets = (
				DDA634A422034C430044823B /* LastFM */,
			);
		};
/* End PBXProject section */

/* Begin PBXResourcesBuildPhase section */
		DDA634A322034C430044823B /* Resources */ = {
			isa = PBXResourcesBuildPhase;
			buildActionMask = 2147483647;
			files = (
				DDA634B322034C440044823B /* LaunchScreen.storyboard in Resources */,
				DDA634B022034C430044823B /* Assets.xcassets in Resources */,
				DDA634AE22034C430044823B /* Main.storyboard in Resources */,
			);
			runOnlyForDeploymentPostprocessing = 0;
		};
/* End PBXResourcesBuildPhase section */

/* Begin PBXShellScriptBuildPhase section */
		3C4BDC474E66C2E4D4773A5D /* [CP] Check Pods Manifest.lock */ = {
			isa = PBXShellScriptBuildPhase;
			buildActionMask = 2147483647;
			files = (
			);
			inputFileListPaths = (
			);
			inputPaths = (
				"${PODS_PODFILE_DIR_PATH}/Podfile.lock",
				"${PODS_ROOT}/Manifest.lock",
			);
			name = "[CP] Check Pods Manifest.lock";
			outputFileListPaths = (
			);
			outputPaths = (
				"$(DERIVED_FILE_DIR)/Pods-LastFM-checkManifestLockResult.txt",
			);
			runOnlyForDeploymentPostprocessing = 0;
			shellPath = /bin/sh;
			shellScript = "diff \"${PODS_PODFILE_DIR_PATH}/Podfile.lock\" \"${PODS_ROOT}/Manifest.lock\" > /dev/null\nif [ $? != 0 ] ; then\n    # print error to STDERR\n    echo \"error: The sandbox is not in sync with the Podfile.lock. Run 'pod install' or update your CocoaPods installation.\" >&2\n    exit 1\nfi\n# This output is used by Xcode 'outputs' to avoid re-running this script phase.\necho \"SUCCESS\" > \"${SCRIPT_OUTPUT_FILE_0}\"\n";
			showEnvVarsInLog = 0;
		};
		DDA634C122034E660044823B /* SwiftLint Run Script */ = {
			isa = PBXShellScriptBuildPhase;
			buildActionMask = 2147483647;
			files = (
			);
			inputFileListPaths = (
			);
			inputPaths = (
			);
			name = "SwiftLint Run Script";
			outputFileListPaths = (
			);
			outputPaths = (
			);
			runOnlyForDeploymentPostprocessing = 0;
			shellPath = /bin/sh;
			shellScript = "\"${PODS_ROOT}/SwiftLint/swiftlint\"\n";
		};
/* End PBXShellScriptBuildPhase section */

/* Begin PBXSourcesBuildPhase section */
		DDA634A122034C430044823B /* Sources */ = {
			isa = PBXSourcesBuildPhase;
			buildActionMask = 2147483647;
			files = (
				DDA634CE22035F5F0044823B /* AppCoordinator.swift in Sources */,
				DDA634D0220360320044823B /* MainCollectionViewCoordinator.swift in Sources */,
				DDA634C7220351E70044823B /* MainCollectionViewController.swift in Sources */,
				DDA634A922034C430044823B /* AppDelegate.swift in Sources */,
				DDA634D2220362410044823B /* MainCollectionViewInteractor.swift in Sources */,
				DDA634CC22035F500044823B /* Coordinator.swift in Sources */,
			);
			runOnlyForDeploymentPostprocessing = 0;
		};
/* End PBXSourcesBuildPhase section */

/* Begin PBXVariantGroup section */
		DDA634AC22034C430044823B /* Main.storyboard */ = {
			isa = PBXVariantGroup;
			children = (
				DDA634AD22034C430044823B /* Base */,
			);
			name = Main.storyboard;
			sourceTree = "<group>";
		};
		DDA634B122034C430044823B /* LaunchScreen.storyboard */ = {
			isa = PBXVariantGroup;
			children = (
				DDA634B222034C440044823B /* Base */,
			);
			name = LaunchScreen.storyboard;
			sourceTree = "<group>";
		};
/* End PBXVariantGroup section */

/* Begin XCBuildConfiguration section */
		DDA634B522034C440044823B /* Debug */ = {
			isa = XCBuildConfiguration;
			buildSettings = {
				ALWAYS_SEARCH_USER_PATHS = NO;
				CLANG_ANALYZER_NONNULL = YES;
				CLANG_ANALYZER_NUMBER_OBJECT_CONVERSION = YES_AGGRESSIVE;
				CLANG_CXX_LANGUAGE_STANDARD = "gnu++14";
				CLANG_CXX_LIBRARY = "libc++";
				CLANG_ENABLE_MODULES = YES;
				CLANG_ENABLE_OBJC_ARC = YES;
				CLANG_ENABLE_OBJC_WEAK = YES;
				CLANG_WARN_BLOCK_CAPTURE_AUTORELEASING = YES;
				CLANG_WARN_BOOL_CONVERSION = YES;
				CLANG_WARN_COMMA = YES;
				CLANG_WARN_CONSTANT_CONVERSION = YES;
				CLANG_WARN_DEPRECATED_OBJC_IMPLEMENTATIONS = YES;
				CLANG_WARN_DIRECT_OBJC_ISA_USAGE = YES_ERROR;
				CLANG_WARN_DOCUMENTATION_COMMENTS = YES;
				CLANG_WARN_EMPTY_BODY = YES;
				CLANG_WARN_ENUM_CONVERSION = YES;
				CLANG_WARN_INFINITE_RECURSION = YES;
				CLANG_WARN_INT_CONVERSION = YES;
				CLANG_WARN_NON_LITERAL_NULL_CONVERSION = YES;
				CLANG_WARN_OBJC_IMPLICIT_RETAIN_SELF = YES;
				CLANG_WARN_OBJC_LITERAL_CONVERSION = YES;
				CLANG_WARN_OBJC_ROOT_CLASS = YES_ERROR;
				CLANG_WARN_RANGE_LOOP_ANALYSIS = YES;
				CLANG_WARN_STRICT_PROTOTYPES = YES;
				CLANG_WARN_SUSPICIOUS_MOVE = YES;
				CLANG_WARN_UNGUARDED_AVAILABILITY = YES_AGGRESSIVE;
				CLANG_WARN_UNREACHABLE_CODE = YES;
				CLANG_WARN__DUPLICATE_METHOD_MATCH = YES;
				CODE_SIGN_IDENTITY = "iPhone Developer";
				COPY_PHASE_STRIP = NO;
				DEBUG_INFORMATION_FORMAT = dwarf;
				ENABLE_STRICT_OBJC_MSGSEND = YES;
				ENABLE_TESTABILITY = YES;
				GCC_C_LANGUAGE_STANDARD = gnu11;
				GCC_DYNAMIC_NO_PIC = NO;
				GCC_NO_COMMON_BLOCKS = YES;
				GCC_OPTIMIZATION_LEVEL = 0;
				GCC_PREPROCESSOR_DEFINITIONS = (
					"DEBUG=1",
					"$(inherited)",
				);
				GCC_WARN_64_TO_32_BIT_CONVERSION = YES;
				GCC_WARN_ABOUT_RETURN_TYPE = YES_ERROR;
				GCC_WARN_UNDECLARED_SELECTOR = YES;
				GCC_WARN_UNINITIALIZED_AUTOS = YES_AGGRESSIVE;
				GCC_WARN_UNUSED_FUNCTION = YES;
				GCC_WARN_UNUSED_VARIABLE = YES;
				IPHONEOS_DEPLOYMENT_TARGET = 10.0;
				MTL_ENABLE_DEBUG_INFO = INCLUDE_SOURCE;
				MTL_FAST_MATH = YES;
				ONLY_ACTIVE_ARCH = YES;
				SDKROOT = iphoneos;
				SWIFT_ACTIVE_COMPILATION_CONDITIONS = DEBUG;
				SWIFT_OPTIMIZATION_LEVEL = "-Onone";
			};
			name = Debug;
		};
		DDA634B622034C440044823B /* Release */ = {
			isa = XCBuildConfiguration;
			buildSettings = {
				ALWAYS_SEARCH_USER_PATHS = NO;
				CLANG_ANALYZER_NONNULL = YES;
				CLANG_ANALYZER_NUMBER_OBJECT_CONVERSION = YES_AGGRESSIVE;
				CLANG_CXX_LANGUAGE_STANDARD = "gnu++14";
				CLANG_CXX_LIBRARY = "libc++";
				CLANG_ENABLE_MODULES = YES;
				CLANG_ENABLE_OBJC_ARC = YES;
				CLANG_ENABLE_OBJC_WEAK = YES;
				CLANG_WARN_BLOCK_CAPTURE_AUTORELEASING = YES;
				CLANG_WARN_BOOL_CONVERSION = YES;
				CLANG_WARN_COMMA = YES;
				CLANG_WARN_CONSTANT_CONVERSION = YES;
				CLANG_WARN_DEPRECATED_OBJC_IMPLEMENTATIONS = YES;
				CLANG_WARN_DIRECT_OBJC_ISA_USAGE = YES_ERROR;
				CLANG_WARN_DOCUMENTATION_COMMENTS = YES;
				CLANG_WARN_EMPTY_BODY = YES;
				CLANG_WARN_ENUM_CONVERSION = YES;
				CLANG_WARN_INFINITE_RECURSION = YES;
				CLANG_WARN_INT_CONVERSION = YES;
				CLANG_WARN_NON_LITERAL_NULL_CONVERSION = YES;
				CLANG_WARN_OBJC_IMPLICIT_RETAIN_SELF = YES;
				CLANG_WARN_OBJC_LITERAL_CONVERSION = YES;
				CLANG_WARN_OBJC_ROOT_CLASS = YES_ERROR;
				CLANG_WARN_RANGE_LOOP_ANALYSIS = YES;
				CLANG_WARN_STRICT_PROTOTYPES = YES;
				CLANG_WARN_SUSPICIOUS_MOVE = YES;
				CLANG_WARN_UNGUARDED_AVAILABILITY = YES_AGGRESSIVE;
				CLANG_WARN_UNREACHABLE_CODE = YES;
				CLANG_WARN__DUPLICATE_METHOD_MATCH = YES;
				CODE_SIGN_IDENTITY = "iPhone Developer";
				COPY_PHASE_STRIP = NO;
				DEBUG_INFORMATION_FORMAT = "dwarf-with-dsym";
				ENABLE_NS_ASSERTIONS = NO;
				ENABLE_STRICT_OBJC_MSGSEND = YES;
				GCC_C_LANGUAGE_STANDARD = gnu11;
				GCC_NO_COMMON_BLOCKS = YES;
				GCC_WARN_64_TO_32_BIT_CONVERSION = YES;
				GCC_WARN_ABOUT_RETURN_TYPE = YES_ERROR;
				GCC_WARN_UNDECLARED_SELECTOR = YES;
				GCC_WARN_UNINITIALIZED_AUTOS = YES_AGGRESSIVE;
				GCC_WARN_UNUSED_FUNCTION = YES;
				GCC_WARN_UNUSED_VARIABLE = YES;
				IPHONEOS_DEPLOYMENT_TARGET = 10.0;
				MTL_ENABLE_DEBUG_INFO = NO;
				MTL_FAST_MATH = YES;
				SDKROOT = iphoneos;
				SWIFT_COMPILATION_MODE = wholemodule;
				SWIFT_OPTIMIZATION_LEVEL = "-O";
				VALIDATE_PRODUCT = YES;
			};
			name = Release;
		};
		DDA634B822034C440044823B /* Debug */ = {
			isa = XCBuildConfiguration;
			baseConfigurationReference = E7CFAA99128BAFAA8F340095 /* Pods-LastFM.debug.xcconfig */;
			buildSettings = {
				ASSETCATALOG_COMPILER_APPICON_NAME = AppIcon;
				CODE_SIGN_STYLE = Automatic;
				DEVELOPMENT_TEAM = B6KRZX2358;
				INFOPLIST_FILE = LastFM/Info.plist;
				LD_RUNPATH_SEARCH_PATHS = (
					"$(inherited)",
					"@executable_path/Frameworks",
				);
				PRODUCT_BUNDLE_IDENTIFIER = veit.LastFM;
				PRODUCT_NAME = "$(TARGET_NAME)";
				SWIFT_VERSION = 4.2;
				TARGETED_DEVICE_FAMILY = "1,2";
			};
			name = Debug;
		};
		DDA634B922034C440044823B /* Release */ = {
			isa = XCBuildConfiguration;
			baseConfigurationReference = 0D8B477B98B7345D884140E5 /* Pods-LastFM.release.xcconfig */;
			buildSettings = {
				ASSETCATALOG_COMPILER_APPICON_NAME = AppIcon;
				CODE_SIGN_STYLE = Automatic;
				DEVELOPMENT_TEAM = B6KRZX2358;
				INFOPLIST_FILE = LastFM/Info.plist;
				LD_RUNPATH_SEARCH_PATHS = (
					"$(inherited)",
					"@executable_path/Frameworks",
				);
				PRODUCT_BUNDLE_IDENTIFIER = veit.LastFM;
				PRODUCT_NAME = "$(TARGET_NAME)";
				SWIFT_VERSION = 4.2;
				TARGETED_DEVICE_FAMILY = "1,2";
			};
			name = Release;
		};
/* End XCBuildConfiguration section */

/* Begin XCConfigurationList section */
		DDA634A022034C430044823B /* Build configuration list for PBXProject "LastFM" */ = {
			isa = XCConfigurationList;
			buildConfigurations = (
				DDA634B522034C440044823B /* Debug */,
				DDA634B622034C440044823B /* Release */,
			);
			defaultConfigurationIsVisible = 0;
			defaultConfigurationName = Release;
		};
		DDA634B722034C440044823B /* Build configuration list for PBXNativeTarget "LastFM" */ = {
			isa = XCConfigurationList;
			buildConfigurations = (
				DDA634B822034C440044823B /* Debug */,
				DDA634B922034C440044823B /* Release */,
			);
			defaultConfigurationIsVisible = 0;
			defaultConfigurationName = Release;
		};
/* End XCConfigurationList section */
	};
	rootObject = DDA6349D22034C430044823B /* Project object */;
}
