// !$*UTF8*$!
{
	archiveVersion = 1;
	classes = {
	};
	objectVersion = 50;
	objects = {

/* Begin PBXBuildFile section */
		4AE4A881FC8217BAD9D7F5B5 /* Pods_LastFM.framework in Frameworks */ = {isa = PBXBuildFile; fileRef = 4298AB968D1CD80B76D4123E /* Pods_LastFM.framework */; };
		DD09375D2204F9CF00A767C8 /* ImageCacheLoader.swift in Sources */ = {isa = PBXBuildFile; fileRef = DD09375C2204F9CF00A767C8 /* ImageCacheLoader.swift */; };
		DD09375F2205015800A767C8 /* UIImage+resizedImage.swift in Sources */ = {isa = PBXBuildFile; fileRef = DD09375E2205015800A767C8 /* UIImage+resizedImage.swift */; };
		DD517F662208AA620078C405 /* FavouriteAlbumCell.swift in Sources */ = {isa = PBXBuildFile; fileRef = DD517F652208AA620078C405 /* FavouriteAlbumCell.swift */; };
		DD6F18FB22044991003ADBC4 /* Track.swift in Sources */ = {isa = PBXBuildFile; fileRef = DD6F18FA22044991003ADBC4 /* Track.swift */; };
		DD6F18FD22045124003ADBC4 /* LastfmAPIClient.swift in Sources */ = {isa = PBXBuildFile; fileRef = DD6F18FC22045124003ADBC4 /* LastfmAPIClient.swift */; };
		DD6F18FF22045260003ADBC4 /* Artist.swift in Sources */ = {isa = PBXBuildFile; fileRef = DD6F18FE22045260003ADBC4 /* Artist.swift */; };
		DD6F19022204536D003ADBC4 /* Result.swift in Sources */ = {isa = PBXBuildFile; fileRef = DD6F19012204536D003ADBC4 /* Result.swift */; };
		DD6F190722046D73003ADBC4 /* Data+prettyPrintedJSONString.swift in Sources */ = {isa = PBXBuildFile; fileRef = DD6F190622046D73003ADBC4 /* Data+prettyPrintedJSONString.swift */; };
		DD6F190C2204C8C1003ADBC4 /* ArtistCell.swift in Sources */ = {isa = PBXBuildFile; fileRef = DD6F190B2204C8C1003ADBC4 /* ArtistCell.swift */; };
		DD929915220AE80900E054DA /* URLComponents+setQueryItems.swift in Sources */ = {isa = PBXBuildFile; fileRef = DD929914220AE80900E054DA /* URLComponents+setQueryItems.swift */; };
		DD92991F220B6BB100E054DA /* LoadingCell.swift in Sources */ = {isa = PBXBuildFile; fileRef = DD92991E220B6BB100E054DA /* LoadingCell.swift */; };
		DD96A17A22071BFF0041136B /* AlbumDetailsTableViewController.swift in Sources */ = {isa = PBXBuildFile; fileRef = DD96A17922071BFF0041136B /* AlbumDetailsTableViewController.swift */; };
		DD96A17C220728750041136B /* AlbumDetailsTableViewInteractor.swift in Sources */ = {isa = PBXBuildFile; fileRef = DD96A17B220728750041136B /* AlbumDetailsTableViewInteractor.swift */; };
		DD96A17E220728860041136B /* AlbumDetailsTableViewCoordinator.swift in Sources */ = {isa = PBXBuildFile; fileRef = DD96A17D220728860041136B /* AlbumDetailsTableViewCoordinator.swift */; };
		DD96A1802207323F0041136B /* TrackCell.swift in Sources */ = {isa = PBXBuildFile; fileRef = DD96A17F2207323F0041136B /* TrackCell.swift */; };
		DD96A183220770B90041136B /* CoreDataManager.swift in Sources */ = {isa = PBXBuildFile; fileRef = DD96A182220770B90041136B /* CoreDataManager.swift */; };
		DD96A186220770EC0041136B /* DataModel.xcdatamodeld in Sources */ = {isa = PBXBuildFile; fileRef = DD96A184220770EC0041136B /* DataModel.xcdatamodeld */; };
		DDA3559E2205A67D0073C7BF /* AlbumsCollectionViewController.swift in Sources */ = {isa = PBXBuildFile; fileRef = DDA3559D2205A67D0073C7BF /* AlbumsCollectionViewController.swift */; };
		DDA355A02205A6BD0073C7BF /* AlbumsCollectionViewInteractor.swift in Sources */ = {isa = PBXBuildFile; fileRef = DDA3559F2205A6BD0073C7BF /* AlbumsCollectionViewInteractor.swift */; };
		DDA355A22205A6D30073C7BF /* AlbumsCollectionViewCoordinator.swift in Sources */ = {isa = PBXBuildFile; fileRef = DDA355A12205A6D30073C7BF /* AlbumsCollectionViewCoordinator.swift */; };
		DDA355A42205B2070073C7BF /* AlbumCell.swift in Sources */ = {isa = PBXBuildFile; fileRef = DDA355A32205B2070073C7BF /* AlbumCell.swift */; };
		DDA355A82205B4FF0073C7BF /* Album.swift in Sources */ = {isa = PBXBuildFile; fileRef = DDA355A72205B4FF0073C7BF /* Album.swift */; };
		DDA355AA2205B7190073C7BF /* Image.swift in Sources */ = {isa = PBXBuildFile; fileRef = DDA355A92205B7190073C7BF /* Image.swift */; };
		DDA634A922034C430044823B /* AppDelegate.swift in Sources */ = {isa = PBXBuildFile; fileRef = DDA634A822034C430044823B /* AppDelegate.swift */; };
		DDA634AE22034C430044823B /* Main.storyboard in Resources */ = {isa = PBXBuildFile; fileRef = DDA634AC22034C430044823B /* Main.storyboard */; };
		DDA634B022034C430044823B /* Assets.xcassets in Resources */ = {isa = PBXBuildFile; fileRef = DDA634AF22034C430044823B /* Assets.xcassets */; };
		DDA634B322034C440044823B /* LaunchScreen.storyboard in Resources */ = {isa = PBXBuildFile; fileRef = DDA634B122034C430044823B /* LaunchScreen.storyboard */; };
		DDA634C7220351E70044823B /* MainCollectionViewController.swift in Sources */ = {isa = PBXBuildFile; fileRef = DDA634C6220351E70044823B /* MainCollectionViewController.swift */; };
		DDA634CC22035F500044823B /* Coordinator.swift in Sources */ = {isa = PBXBuildFile; fileRef = DDA634CB22035F500044823B /* Coordinator.swift */; };
		DDA634CE22035F5F0044823B /* AppCoordinator.swift in Sources */ = {isa = PBXBuildFile; fileRef = DDA634CD22035F5F0044823B /* AppCoordinator.swift */; };
		DDA634D0220360320044823B /* MainCollectionViewCoordinator.swift in Sources */ = {isa = PBXBuildFile; fileRef = DDA634CF220360320044823B /* MainCollectionViewCoordinator.swift */; };
		DDA634D2220362410044823B /* MainCollectionViewInteractor.swift in Sources */ = {isa = PBXBuildFile; fileRef = DDA634D1220362410044823B /* MainCollectionViewInteractor.swift */; };
		DDA634D5220369F90044823B /* SearchViewController.swift in Sources */ = {isa = PBXBuildFile; fileRef = DDA634D4220369F90044823B /* SearchViewController.swift */; };
		DDA634D722036A880044823B /* SearchViewInteractor.swift in Sources */ = {isa = PBXBuildFile; fileRef = DDA634D622036A880044823B /* SearchViewInteractor.swift */; };
		DDA634D922036AB90044823B /* SearchViewCoordinator.swift in Sources */ = {isa = PBXBuildFile; fileRef = DDA634D822036AB90044823B /* SearchViewCoordinator.swift */; };
		DDD05C14220C335700732CD2 /* AuthViewController.swift in Sources */ = {isa = PBXBuildFile; fileRef = DDD05C13220C335700732CD2 /* AuthViewController.swift */; };
		DDD05C17220C338400732CD2 /* AuthViewInteractor.swift in Sources */ = {isa = PBXBuildFile; fileRef = DDD05C16220C338400732CD2 /* AuthViewInteractor.swift */; };
		DDD05C19220C33A100732CD2 /* AuthVIewCoordinator.swift in Sources */ = {isa = PBXBuildFile; fileRef = DDD05C18220C33A100732CD2 /* AuthVIewCoordinator.swift */; };
		DDD05C20220C839700732CD2 /* Session.swift in Sources */ = {isa = PBXBuildFile; fileRef = DDD05C1F220C839700732CD2 /* Session.swift */; };
		DDD05C22220C84CE00732CD2 /* String+md5.swift in Sources */ = {isa = PBXBuildFile; fileRef = DDD05C21220C84CE00732CD2 /* String+md5.swift */; };
		DDD05C26220C9E2600732CD2 /* LastfmAuth.swift in Sources */ = {isa = PBXBuildFile; fileRef = DDD05C25220C9E2600732CD2 /* LastfmAuth.swift */; };
/* End PBXBuildFile section */

/* Begin PBXFileReference section */
		0D8B477B98B7345D884140E5 /* Pods-LastFM.release.xcconfig */ = {isa = PBXFileReference; includeInIndex = 1; lastKnownFileType = text.xcconfig; name = "Pods-LastFM.release.xcconfig"; path = "Pods/Target Support Files/Pods-LastFM/Pods-LastFM.release.xcconfig"; sourceTree = "<group>"; };
		4298AB968D1CD80B76D4123E /* Pods_LastFM.framework */ = {isa = PBXFileReference; explicitFileType = wrapper.framework; includeInIndex = 0; path = Pods_LastFM.framework; sourceTree = BUILT_PRODUCTS_DIR; };
		DD09375C2204F9CF00A767C8 /* ImageCacheLoader.swift */ = {isa = PBXFileReference; lastKnownFileType = sourcecode.swift; path = ImageCacheLoader.swift; sourceTree = "<group>"; };
		DD09375E2205015800A767C8 /* UIImage+resizedImage.swift */ = {isa = PBXFileReference; lastKnownFileType = sourcecode.swift; path = "UIImage+resizedImage.swift"; sourceTree = "<group>"; };
		DD517F652208AA620078C405 /* FavouriteAlbumCell.swift */ = {isa = PBXFileReference; lastKnownFileType = sourcecode.swift; path = FavouriteAlbumCell.swift; sourceTree = "<group>"; };
		DD6F18FA22044991003ADBC4 /* Track.swift */ = {isa = PBXFileReference; lastKnownFileType = sourcecode.swift; path = Track.swift; sourceTree = "<group>"; };
		DD6F18FC22045124003ADBC4 /* LastfmAPIClient.swift */ = {isa = PBXFileReference; lastKnownFileType = sourcecode.swift; path = LastfmAPIClient.swift; sourceTree = "<group>"; };
		DD6F18FE22045260003ADBC4 /* Artist.swift */ = {isa = PBXFileReference; lastKnownFileType = sourcecode.swift; path = Artist.swift; sourceTree = "<group>"; };
		DD6F19012204536D003ADBC4 /* Result.swift */ = {isa = PBXFileReference; lastKnownFileType = sourcecode.swift; path = Result.swift; sourceTree = "<group>"; };
		DD6F190622046D73003ADBC4 /* Data+prettyPrintedJSONString.swift */ = {isa = PBXFileReference; lastKnownFileType = sourcecode.swift; path = "Data+prettyPrintedJSONString.swift"; sourceTree = "<group>"; };
		DD6F190B2204C8C1003ADBC4 /* ArtistCell.swift */ = {isa = PBXFileReference; lastKnownFileType = sourcecode.swift; path = ArtistCell.swift; sourceTree = "<group>"; };
		DD929914220AE80900E054DA /* URLComponents+setQueryItems.swift */ = {isa = PBXFileReference; lastKnownFileType = sourcecode.swift; path = "URLComponents+setQueryItems.swift"; sourceTree = "<group>"; };
		DD92991E220B6BB100E054DA /* LoadingCell.swift */ = {isa = PBXFileReference; lastKnownFileType = sourcecode.swift; path = LoadingCell.swift; sourceTree = "<group>"; };
		DD96A17922071BFF0041136B /* AlbumDetailsTableViewController.swift */ = {isa = PBXFileReference; lastKnownFileType = sourcecode.swift; path = AlbumDetailsTableViewController.swift; sourceTree = "<group>"; };
		DD96A17B220728750041136B /* AlbumDetailsTableViewInteractor.swift */ = {isa = PBXFileReference; lastKnownFileType = sourcecode.swift; path = AlbumDetailsTableViewInteractor.swift; sourceTree = "<group>"; };
		DD96A17D220728860041136B /* AlbumDetailsTableViewCoordinator.swift */ = {isa = PBXFileReference; lastKnownFileType = sourcecode.swift; path = AlbumDetailsTableViewCoordinator.swift; sourceTree = "<group>"; };
		DD96A17F2207323F0041136B /* TrackCell.swift */ = {isa = PBXFileReference; lastKnownFileType = sourcecode.swift; path = TrackCell.swift; sourceTree = "<group>"; };
		DD96A182220770B90041136B /* CoreDataManager.swift */ = {isa = PBXFileReference; lastKnownFileType = sourcecode.swift; path = CoreDataManager.swift; sourceTree = "<group>"; };
		DD96A185220770EC0041136B /* Model.xcdatamodel */ = {isa = PBXFileReference; lastKnownFileType = wrapper.xcdatamodel; path = Model.xcdatamodel; sourceTree = "<group>"; };
		DDA3559D2205A67D0073C7BF /* AlbumsCollectionViewController.swift */ = {isa = PBXFileReference; lastKnownFileType = sourcecode.swift; path = AlbumsCollectionViewController.swift; sourceTree = "<group>"; };
		DDA3559F2205A6BD0073C7BF /* AlbumsCollectionViewInteractor.swift */ = {isa = PBXFileReference; lastKnownFileType = sourcecode.swift; path = AlbumsCollectionViewInteractor.swift; sourceTree = "<group>"; };
		DDA355A12205A6D30073C7BF /* AlbumsCollectionViewCoordinator.swift */ = {isa = PBXFileReference; lastKnownFileType = sourcecode.swift; path = AlbumsCollectionViewCoordinator.swift; sourceTree = "<group>"; };
		DDA355A32205B2070073C7BF /* AlbumCell.swift */ = {isa = PBXFileReference; lastKnownFileType = sourcecode.swift; path = AlbumCell.swift; sourceTree = "<group>"; };
		DDA355A72205B4FF0073C7BF /* Album.swift */ = {isa = PBXFileReference; lastKnownFileType = sourcecode.swift; path = Album.swift; sourceTree = "<group>"; };
		DDA355A92205B7190073C7BF /* Image.swift */ = {isa = PBXFileReference; lastKnownFileType = sourcecode.swift; path = Image.swift; sourceTree = "<group>"; };
		DDA634A522034C430044823B /* LastFM.app */ = {isa = PBXFileReference; explicitFileType = wrapper.application; includeInIndex = 0; path = LastFM.app; sourceTree = BUILT_PRODUCTS_DIR; };
		DDA634A822034C430044823B /* AppDelegate.swift */ = {isa = PBXFileReference; lastKnownFileType = sourcecode.swift; path = AppDelegate.swift; sourceTree = "<group>"; };
		DDA634AD22034C430044823B /* Base */ = {isa = PBXFileReference; lastKnownFileType = file.storyboard; name = Base; path = Base.lproj/Main.storyboard; sourceTree = "<group>"; };
		DDA634AF22034C430044823B /* Assets.xcassets */ = {isa = PBXFileReference; lastKnownFileType = folder.assetcatalog; path = Assets.xcassets; sourceTree = "<group>"; };
		DDA634B222034C440044823B /* Base */ = {isa = PBXFileReference; lastKnownFileType = file.storyboard; name = Base; path = Base.lproj/LaunchScreen.storyboard; sourceTree = "<group>"; };
		DDA634B422034C440044823B /* Info.plist */ = {isa = PBXFileReference; lastKnownFileType = text.plist.xml; path = Info.plist; sourceTree = "<group>"; };
		DDA634C6220351E70044823B /* MainCollectionViewController.swift */ = {isa = PBXFileReference; lastKnownFileType = sourcecode.swift; path = MainCollectionViewController.swift; sourceTree = "<group>"; };
		DDA634CB22035F500044823B /* Coordinator.swift */ = {isa = PBXFileReference; lastKnownFileType = sourcecode.swift; path = Coordinator.swift; sourceTree = "<group>"; };
		DDA634CD22035F5F0044823B /* AppCoordinator.swift */ = {isa = PBXFileReference; lastKnownFileType = sourcecode.swift; path = AppCoordinator.swift; sourceTree = "<group>"; };
		DDA634CF220360320044823B /* MainCollectionViewCoordinator.swift */ = {isa = PBXFileReference; lastKnownFileType = sourcecode.swift; path = MainCollectionViewCoordinator.swift; sourceTree = "<group>"; };
		DDA634D1220362410044823B /* MainCollectionViewInteractor.swift */ = {isa = PBXFileReference; lastKnownFileType = sourcecode.swift; path = MainCollectionViewInteractor.swift; sourceTree = "<group>"; };
		DDA634D4220369F90044823B /* SearchViewController.swift */ = {isa = PBXFileReference; lastKnownFileType = sourcecode.swift; path = SearchViewController.swift; sourceTree = "<group>"; };
		DDA634D622036A880044823B /* SearchViewInteractor.swift */ = {isa = PBXFileReference; lastKnownFileType = sourcecode.swift; path = SearchViewInteractor.swift; sourceTree = "<group>"; };
		DDA634D822036AB90044823B /* SearchViewCoordinator.swift */ = {isa = PBXFileReference; lastKnownFileType = sourcecode.swift; path = SearchViewCoordinator.swift; sourceTree = "<group>"; };
		DDD05C13220C335700732CD2 /* AuthViewController.swift */ = {isa = PBXFileReference; lastKnownFileType = sourcecode.swift; path = AuthViewController.swift; sourceTree = "<group>"; };
		DDD05C16220C338400732CD2 /* AuthViewInteractor.swift */ = {isa = PBXFileReference; lastKnownFileType = sourcecode.swift; path = AuthViewInteractor.swift; sourceTree = "<group>"; };
		DDD05C18220C33A100732CD2 /* AuthVIewCoordinator.swift */ = {isa = PBXFileReference; lastKnownFileType = sourcecode.swift; path = AuthVIewCoordinator.swift; sourceTree = "<group>"; };
		DDD05C1F220C839700732CD2 /* Session.swift */ = {isa = PBXFileReference; lastKnownFileType = sourcecode.swift; path = Session.swift; sourceTree = "<group>"; };
		DDD05C21220C84CE00732CD2 /* String+md5.swift */ = {isa = PBXFileReference; lastKnownFileType = sourcecode.swift; path = "String+md5.swift"; sourceTree = "<group>"; };
		DDD05C25220C9E2600732CD2 /* LastfmAuth.swift */ = {isa = PBXFileReference; lastKnownFileType = sourcecode.swift; path = LastfmAuth.swift; sourceTree = "<group>"; };
		E7CFAA99128BAFAA8F340095 /* Pods-LastFM.debug.xcconfig */ = {isa = PBXFileReference; includeInIndex = 1; lastKnownFileType = text.xcconfig; name = "Pods-LastFM.debug.xcconfig"; path = "Pods/Target Support Files/Pods-LastFM/Pods-LastFM.debug.xcconfig"; sourceTree = "<group>"; };
/* End PBXFileReference section */

/* Begin PBXFrameworksBuildPhase section */
		DDA634A222034C430044823B /* Frameworks */ = {
			isa = PBXFrameworksBuildPhase;
			buildActionMask = 2147483647;
			files = (
				4AE4A881FC8217BAD9D7F5B5 /* Pods_LastFM.framework in Frameworks */,
			);
			runOnlyForDeploymentPostprocessing = 0;
		};
/* End PBXFrameworksBuildPhase section */

/* Begin PBXGroup section */
		2F49637027456AC09C2662EF /* Frameworks */ = {
			isa = PBXGroup;
			children = (
				4298AB968D1CD80B76D4123E /* Pods_LastFM.framework */,
			);
			name = Frameworks;
			sourceTree = "<group>";
		};
		57BECB3CC39CB12EEEE32950 /* Pods */ = {
			isa = PBXGroup;
			children = (
				E7CFAA99128BAFAA8F340095 /* Pods-LastFM.debug.xcconfig */,
				0D8B477B98B7345D884140E5 /* Pods-LastFM.release.xcconfig */,
			);
			name = Pods;
			sourceTree = "<group>";
		};
		DD6F18F422044909003ADBC4 /* Network */ = {
			isa = PBXGroup;
			children = (
				DD6F18FC22045124003ADBC4 /* LastfmAPIClient.swift */,
				DD09375C2204F9CF00A767C8 /* ImageCacheLoader.swift */,
				DDD05C25220C9E2600732CD2 /* LastfmAuth.swift */,
			);
			path = Network;
			sourceTree = "<group>";
		};
		DD6F18F522044917003ADBC4 /* Models */ = {
			isa = PBXGroup;
			children = (
				DD6F18FA22044991003ADBC4 /* Track.swift */,
				DD6F18FE22045260003ADBC4 /* Artist.swift */,
				DDA355A72205B4FF0073C7BF /* Album.swift */,
				DDA355A92205B7190073C7BF /* Image.swift */,
				DDD05C1F220C839700732CD2 /* Session.swift */,
			);
			path = Models;
			sourceTree = "<group>";
		};
		DD6F19002204531D003ADBC4 /* Helpers */ = {
			isa = PBXGroup;
			children = (
				DD6F19012204536D003ADBC4 /* Result.swift */,
			);
			path = Helpers;
			sourceTree = "<group>";
		};
		DD6F190522046D4C003ADBC4 /* Extensions */ = {
			isa = PBXGroup;
			children = (
				DD6F190622046D73003ADBC4 /* Data+prettyPrintedJSONString.swift */,
				DD09375E2205015800A767C8 /* UIImage+resizedImage.swift */,
				DD929914220AE80900E054DA /* URLComponents+setQueryItems.swift */,
				DDD05C21220C84CE00732CD2 /* String+md5.swift */,
			);
			path = Extensions;
			sourceTree = "<group>";
		};
		DD6F19082204BCCE003ADBC4 /* Views */ = {
			isa = PBXGroup;
			children = (
				DD6F190B2204C8C1003ADBC4 /* ArtistCell.swift */,
				DDA355A32205B2070073C7BF /* AlbumCell.swift */,
				DD96A17F2207323F0041136B /* TrackCell.swift */,
				DD517F652208AA620078C405 /* FavouriteAlbumCell.swift */,
				DD92991E220B6BB100E054DA /* LoadingCell.swift */,
			);
			path = Views;
			sourceTree = "<group>";
		};
		DD96A17822071B150041136B /* AlbumDetailsViewController */ = {
			isa = PBXGroup;
			children = (
				DD96A17922071BFF0041136B /* AlbumDetailsTableViewController.swift */,
				DD96A17B220728750041136B /* AlbumDetailsTableViewInteractor.swift */,
			);
			path = AlbumDetailsViewController;
			sourceTree = "<group>";
		};
		DD96A1812207708A0041136B /* Managers */ = {
			isa = PBXGroup;
			children = (
				DD96A182220770B90041136B /* CoreDataManager.swift */,
			);
			path = Managers;
			sourceTree = "<group>";
		};
		DDA3559C2205A6580073C7BF /* AlbumsCollectionViewController */ = {
			isa = PBXGroup;
			children = (
				DDA3559D2205A67D0073C7BF /* AlbumsCollectionViewController.swift */,
				DDA3559F2205A6BD0073C7BF /* AlbumsCollectionViewInteractor.swift */,
			);
			path = AlbumsCollectionViewController;
			sourceTree = "<group>";
		};
		DDA6349C22034C430044823B = {
			isa = PBXGroup;
			children = (
				DDA634A722034C430044823B /* LastFM */,
				DDA634A622034C430044823B /* Products */,
				57BECB3CC39CB12EEEE32950 /* Pods */,
				2F49637027456AC09C2662EF /* Frameworks */,
			);
			sourceTree = "<group>";
		};
		DDA634A622034C430044823B /* Products */ = {
			isa = PBXGroup;
			children = (
				DDA634A522034C430044823B /* LastFM.app */,
			);
			name = Products;
			sourceTree = "<group>";
		};
		DDA634A722034C430044823B /* LastFM */ = {
			isa = PBXGroup;
			children = (
				DDA634A822034C430044823B /* AppDelegate.swift */,
				DDA634BB22034D600044823B /* Info */,
				DD6F190522046D4C003ADBC4 /* Extensions */,
				DDA634C2220350F60044823B /* Coordinators */,
				DDA634BE22034D8E0044823B /* Storyboards */,
				DDA634BD22034D860044823B /* ViewControllers */,
				DD6F19082204BCCE003ADBC4 /* Views */,
				DD6F19002204531D003ADBC4 /* Helpers */,
				DD96A1812207708A0041136B /* Managers */,
				DD6F18F422044909003ADBC4 /* Network */,
				DD6F18F522044917003ADBC4 /* Models */,
			);
			path = LastFM;
			sourceTree = "<group>";
		};
		DDA634BA22034D5C0044823B /* Resources */ = {
			isa = PBXGroup;
			children = (
				DD96A184220770EC0041136B /* DataModel.xcdatamodeld */,
				DDA634AF22034C430044823B /* Assets.xcassets */,
			);
			path = Resources;
			sourceTree = "<group>";
		};
		DDA634BB22034D600044823B /* Info */ = {
			isa = PBXGroup;
			children = (
				DDA634B422034C440044823B /* Info.plist */,
				DDA634BA22034D5C0044823B /* Resources */,
			);
			name = Info;
			sourceTree = "<group>";
		};
		DDA634BD22034D860044823B /* ViewControllers */ = {
			isa = PBXGroup;
			children = (
				DDD05C15220C335C00732CD2 /* AuthViewController */,
				DDA634C5220351B50044823B /* MainCollectionViewController */,
				DD96A17822071B150041136B /* AlbumDetailsViewController */,
				DDA634D3220369CC0044823B /* SearchViewController */,
				DDA3559C2205A6580073C7BF /* AlbumsCollectionViewController */,
			);
			path = ViewControllers;
			sourceTree = "<group>";
		};
		DDA634BE22034D8E0044823B /* Storyboards */ = {
			isa = PBXGroup;
			children = (
				DDA634AC22034C430044823B /* Main.storyboard */,
				DDA634B122034C430044823B /* LaunchScreen.storyboard */,
			);
			path = Storyboards;
			sourceTree = "<group>";
		};
		DDA634C2220350F60044823B /* Coordinators */ = {
			isa = PBXGroup;
			children = (
				DDA634CB22035F500044823B /* Coordinator.swift */,
				DDA634CD22035F5F0044823B /* AppCoordinator.swift */,
				DDD05C18220C33A100732CD2 /* AuthVIewCoordinator.swift */,
				DDA634CF220360320044823B /* MainCollectionViewCoordinator.swift */,
				DDA634D822036AB90044823B /* SearchViewCoordinator.swift */,
				DDA355A12205A6D30073C7BF /* AlbumsCollectionViewCoordinator.swift */,
				DD96A17D220728860041136B /* AlbumDetailsTableViewCoordinator.swift */,
			);
			path = Coordinators;
			sourceTree = "<group>";
		};
		DDA634C5220351B50044823B /* MainCollectionViewController */ = {
			isa = PBXGroup;
			children = (
				DDA634C6220351E70044823B /* MainCollectionViewController.swift */,
				DDA634D1220362410044823B /* MainCollectionViewInteractor.swift */,
			);
			path = MainCollectionViewController;
			sourceTree = "<group>";
		};
		DDA634D3220369CC0044823B /* SearchViewController */ = {
			isa = PBXGroup;
			children = (
				DDA634D4220369F90044823B /* SearchViewController.swift */,
				DDA634D622036A880044823B /* SearchViewInteractor.swift */,
			);
			path = SearchViewController;
			sourceTree = "<group>";
		};
		DDD05C15220C335C00732CD2 /* AuthViewController */ = {
			isa = PBXGroup;
			children = (
				DDD05C13220C335700732CD2 /* AuthViewController.swift */,
				DDD05C16220C338400732CD2 /* AuthViewInteractor.swift */,
			);
			path = AuthViewController;
			sourceTree = "<group>";
		};
/* End PBXGroup section */

/* Begin PBXNativeTarget section */
		DDA634A422034C430044823B /* LastFM */ = {
			isa = PBXNativeTarget;
			buildConfigurationList = DDA634B722034C440044823B /* Build configuration list for PBXNativeTarget "LastFM" */;
			buildPhases = (
				3C4BDC474E66C2E4D4773A5D /* [CP] Check Pods Manifest.lock */,
				DDA634C122034E660044823B /* SwiftLint Run Script */,
				DDA634A122034C430044823B /* Sources */,
				DDA634A222034C430044823B /* Frameworks */,
				DDA634A322034C430044823B /* Resources */,
			);
			buildRules = (
			);
			dependencies = (
			);
			name = LastFM;
			productName = LastFM;
			productReference = DDA634A522034C430044823B /* LastFM.app */;
			productType = "com.apple.product-type.application";
		};
/* End PBXNativeTarget section */

/* Begin PBXProject section */
		DDA6349D22034C430044823B /* Project object */ = {
			isa = PBXProject;
			attributes = {
				LastSwiftUpdateCheck = 1010;
				LastUpgradeCheck = 1010;
				ORGANIZATIONNAME = "Vadim Koronchik";
				TargetAttributes = {
					DDA634A422034C430044823B = {
						CreatedOnToolsVersion = 10.1;
					};
				};
			};
			buildConfigurationList = DDA634A022034C430044823B /* Build configuration list for PBXProject "LastFM" */;
			compatibilityVersion = "Xcode 9.3";
			developmentRegion = en;
			hasScannedForEncodings = 0;
			knownRegions = (
				en,
				Base,
			);
			mainGroup = DDA6349C22034C430044823B;
			productRefGroup = DDA634A622034C430044823B /* Products */;
			projectDirPath = "";
			projectRoot = "";
			targets = (
				DDA634A422034C430044823B /* LastFM */,
			);
		};
/* End PBXProject section */

/* Begin PBXResourcesBuildPhase section */
		DDA634A322034C430044823B /* Resources */ = {
			isa = PBXResourcesBuildPhase;
			buildActionMask = 2147483647;
			files = (
				DDA634B322034C440044823B /* LaunchScreen.storyboard in Resources */,
				DDA634B022034C430044823B /* Assets.xcassets in Resources */,
				DDA634AE22034C430044823B /* Main.storyboard in Resources */,
			);
			runOnlyForDeploymentPostprocessing = 0;
		};
/* End PBXResourcesBuildPhase section */

/* Begin PBXShellScriptBuildPhase section */
		3C4BDC474E66C2E4D4773A5D /* [CP] Check Pods Manifest.lock */ = {
			isa = PBXShellScriptBuildPhase;
			buildActionMask = 2147483647;
			files = (
			);
			inputFileListPaths = (
			);
			inputPaths = (
				"${PODS_PODFILE_DIR_PATH}/Podfile.lock",
				"${PODS_ROOT}/Manifest.lock",
			);
			name = "[CP] Check Pods Manifest.lock";
			outputFileListPaths = (
			);
			outputPaths = (
				"$(DERIVED_FILE_DIR)/Pods-LastFM-checkManifestLockResult.txt",
			);
			runOnlyForDeploymentPostprocessing = 0;
			shellPath = /bin/sh;
			shellScript = "diff \"${PODS_PODFILE_DIR_PATH}/Podfile.lock\" \"${PODS_ROOT}/Manifest.lock\" > /dev/null\nif [ $? != 0 ] ; then\n    # print error to STDERR\n    echo \"error: The sandbox is not in sync with the Podfile.lock. Run 'pod install' or update your CocoaPods installation.\" >&2\n    exit 1\nfi\n# This output is used by Xcode 'outputs' to avoid re-running this script phase.\necho \"SUCCESS\" > \"${SCRIPT_OUTPUT_FILE_0}\"\n";
			showEnvVarsInLog = 0;
		};
		DDA634C122034E660044823B /* SwiftLint Run Script */ = {
			isa = PBXShellScriptBuildPhase;
			buildActionMask = 2147483647;
			files = (
			);
			inputFileListPaths = (
			);
			inputPaths = (
			);
			name = "SwiftLint Run Script";
			outputFileListPaths = (
			);
			outputPaths = (
			);
			runOnlyForDeploymentPostprocessing = 0;
			shellPath = /bin/sh;
			shellScript = "\"${PODS_ROOT}/SwiftLint/swiftlint\"\n";
		};
/* End PBXShellScriptBuildPhase section */

/* Begin PBXSourcesBuildPhase section */
		DDA634A122034C430044823B /* Sources */ = {
			isa = PBXSourcesBuildPhase;
			buildActionMask = 2147483647;
			files = (
				DD96A1802207323F0041136B /* TrackCell.swift in Sources */,
				DDD05C17220C338400732CD2 /* AuthViewInteractor.swift in Sources */,
				DDA634CE22035F5F0044823B /* AppCoordinator.swift in Sources */,
				DDA3559E2205A67D0073C7BF /* AlbumsCollectionViewController.swift in Sources */,
				DDA634D0220360320044823B /* MainCollectionViewCoordinator.swift in Sources */,
				DD09375D2204F9CF00A767C8 /* ImageCacheLoader.swift in Sources */,
				DDA355A02205A6BD0073C7BF /* AlbumsCollectionViewInteractor.swift in Sources */,
				DDA355A22205A6D30073C7BF /* AlbumsCollectionViewCoordinator.swift in Sources */,
				DDA355A42205B2070073C7BF /* AlbumCell.swift in Sources */,
				DDD05C22220C84CE00732CD2 /* String+md5.swift in Sources */,
				DD96A17C220728750041136B /* AlbumDetailsTableViewInteractor.swift in Sources */,
				DDA634C7220351E70044823B /* MainCollectionViewController.swift in Sources */,
				DD92991F220B6BB100E054DA /* LoadingCell.swift in Sources */,
				DD6F190722046D73003ADBC4 /* Data+prettyPrintedJSONString.swift in Sources */,
				DD6F18FD22045124003ADBC4 /* LastfmAPIClient.swift in Sources */,
				DD6F19022204536D003ADBC4 /* Result.swift in Sources */,
				DD6F18FF22045260003ADBC4 /* Artist.swift in Sources */,
				DDA634D5220369F90044823B /* SearchViewController.swift in Sources */,
				DD09375F2205015800A767C8 /* UIImage+resizedImage.swift in Sources */,
				DD96A183220770B90041136B /* CoreDataManager.swift in Sources */,
				DDA634A922034C430044823B /* AppDelegate.swift in Sources */,
				DD929915220AE80900E054DA /* URLComponents+setQueryItems.swift in Sources */,
				DD96A186220770EC0041136B /* DataModel.xcdatamodeld in Sources */,
				DD6F190C2204C8C1003ADBC4 /* ArtistCell.swift in Sources */,
				DDD05C14220C335700732CD2 /* AuthViewController.swift in Sources */,
				DDA634D2220362410044823B /* MainCollectionViewInteractor.swift in Sources */,
				DDA634D722036A880044823B /* SearchViewInteractor.swift in Sources */,
				DDA634CC22035F500044823B /* Coordinator.swift in Sources */,
				DDD05C19220C33A100732CD2 /* AuthVIewCoordinator.swift in Sources */,
				DD517F662208AA620078C405 /* FavouriteAlbumCell.swift in Sources */,
				DD96A17E220728860041136B /* AlbumDetailsTableViewCoordinator.swift in Sources */,
				DDA634D922036AB90044823B /* SearchViewCoordinator.swift in Sources */,
				DD96A17A22071BFF0041136B /* AlbumDetailsTableViewController.swift in Sources */,
				DDD05C20220C839700732CD2 /* Session.swift in Sources */,
				DDD05C26220C9E2600732CD2 /* LastfmAuth.swift in Sources */,
				DD6F18FB22044991003ADBC4 /* Track.swift in Sources */,
				DDA355A82205B4FF0073C7BF /* Album.swift in Sources */,
				DDA355AA2205B7190073C7BF /* Image.swift in Sources */,
			);
			runOnlyForDeploymentPostprocessing = 0;
		};
/* End PBXSourcesBuildPhase section */

/* Begin PBXVariantGroup section */
		DDA634AC22034C430044823B /* Main.storyboard */ = {
			isa = PBXVariantGroup;
			children = (
				DDA634AD22034C430044823B /* Base */,
			);
			name = Main.storyboard;
			sourceTree = "<group>";
		};
		DDA634B122034C430044823B /* LaunchScreen.storyboard */ = {
			isa = PBXVariantGroup;
			children = (
				DDA634B222034C440044823B /* Base */,
			);
			name = LaunchScreen.storyboard;
			sourceTree = "<group>";
		};
/* End PBXVariantGroup section */

/* Begin XCBuildConfiguration section */
		DDA634B522034C440044823B /* Debug */ = {
			isa = XCBuildConfiguration;
			buildSettings = {
				ALWAYS_SEARCH_USER_PATHS = NO;
				CLANG_ANALYZER_NONNULL = YES;
				CLANG_ANALYZER_NUMBER_OBJECT_CONVERSION = YES_AGGRESSIVE;
				CLANG_CXX_LANGUAGE_STANDARD = "gnu++14";
				CLANG_CXX_LIBRARY = "libc++";
				CLANG_ENABLE_MODULES = YES;
				CLANG_ENABLE_OBJC_ARC = YES;
				CLANG_ENABLE_OBJC_WEAK = YES;
				CLANG_WARN_BLOCK_CAPTURE_AUTORELEASING = YES;
				CLANG_WARN_BOOL_CONVERSION = YES;
				CLANG_WARN_COMMA = YES;
				CLANG_WARN_CONSTANT_CONVERSION = YES;
				CLANG_WARN_DEPRECATED_OBJC_IMPLEMENTATIONS = YES;
				CLANG_WARN_DIRECT_OBJC_ISA_USAGE = YES_ERROR;
				CLANG_WARN_DOCUMENTATION_COMMENTS = YES;
				CLANG_WARN_EMPTY_BODY = YES;
				CLANG_WARN_ENUM_CONVERSION = YES;
				CLANG_WARN_INFINITE_RECURSION = YES;
				CLANG_WARN_INT_CONVERSION = YES;
				CLANG_WARN_NON_LITERAL_NULL_CONVERSION = YES;
				CLANG_WARN_OBJC_IMPLICIT_RETAIN_SELF = YES;
				CLANG_WARN_OBJC_LITERAL_CONVERSION = YES;
				CLANG_WARN_OBJC_ROOT_CLASS = YES_ERROR;
				CLANG_WARN_RANGE_LOOP_ANALYSIS = YES;
				CLANG_WARN_STRICT_PROTOTYPES = YES;
				CLANG_WARN_SUSPICIOUS_MOVE = YES;
				CLANG_WARN_UNGUARDED_AVAILABILITY = YES_AGGRESSIVE;
				CLANG_WARN_UNREACHABLE_CODE = YES;
				CLANG_WARN__DUPLICATE_METHOD_MATCH = YES;
				CODE_SIGN_IDENTITY = "iPhone Developer";
				COPY_PHASE_STRIP = NO;
				DEBUG_INFORMATION_FORMAT = dwarf;
				ENABLE_STRICT_OBJC_MSGSEND = YES;
				ENABLE_TESTABILITY = YES;
				GCC_C_LANGUAGE_STANDARD = gnu11;
				GCC_DYNAMIC_NO_PIC = NO;
				GCC_NO_COMMON_BLOCKS = YES;
				GCC_OPTIMIZATION_LEVEL = 0;
				GCC_PREPROCESSOR_DEFINITIONS = (
					"DEBUG=1",
					"$(inherited)",
				);
				GCC_WARN_64_TO_32_BIT_CONVERSION = YES;
				GCC_WARN_ABOUT_RETURN_TYPE = YES_ERROR;
				GCC_WARN_UNDECLARED_SELECTOR = YES;
				GCC_WARN_UNINITIALIZED_AUTOS = YES_AGGRESSIVE;
				GCC_WARN_UNUSED_FUNCTION = YES;
				GCC_WARN_UNUSED_VARIABLE = YES;
				IPHONEOS_DEPLOYMENT_TARGET = 10.0;
				MTL_ENABLE_DEBUG_INFO = INCLUDE_SOURCE;
				MTL_FAST_MATH = YES;
				ONLY_ACTIVE_ARCH = YES;
				SDKROOT = iphoneos;
				SWIFT_ACTIVE_COMPILATION_CONDITIONS = DEBUG;
				SWIFT_OPTIMIZATION_LEVEL = "-Onone";
			};
			name = Debug;
		};
		DDA634B622034C440044823B /* Release */ = {
			isa = XCBuildConfiguration;
			buildSettings = {
				ALWAYS_SEARCH_USER_PATHS = NO;
				CLANG_ANALYZER_NONNULL = YES;
				CLANG_ANALYZER_NUMBER_OBJECT_CONVERSION = YES_AGGRESSIVE;
				CLANG_CXX_LANGUAGE_STANDARD = "gnu++14";
				CLANG_CXX_LIBRARY = "libc++";
				CLANG_ENABLE_MODULES = YES;
				CLANG_ENABLE_OBJC_ARC = YES;
				CLANG_ENABLE_OBJC_WEAK = YES;
				CLANG_WARN_BLOCK_CAPTURE_AUTORELEASING = YES;
				CLANG_WARN_BOOL_CONVERSION = YES;
				CLANG_WARN_COMMA = YES;
				CLANG_WARN_CONSTANT_CONVERSION = YES;
				CLANG_WARN_DEPRECATED_OBJC_IMPLEMENTATIONS = YES;
				CLANG_WARN_DIRECT_OBJC_ISA_USAGE = YES_ERROR;
				CLANG_WARN_DOCUMENTATION_COMMENTS = YES;
				CLANG_WARN_EMPTY_BODY = YES;
				CLANG_WARN_ENUM_CONVERSION = YES;
				CLANG_WARN_INFINITE_RECURSION = YES;
				CLANG_WARN_INT_CONVERSION = YES;
				CLANG_WARN_NON_LITERAL_NULL_CONVERSION = YES;
				CLANG_WARN_OBJC_IMPLICIT_RETAIN_SELF = YES;
				CLANG_WARN_OBJC_LITERAL_CONVERSION = YES;
				CLANG_WARN_OBJC_ROOT_CLASS = YES_ERROR;
				CLANG_WARN_RANGE_LOOP_ANALYSIS = YES;
				CLANG_WARN_STRICT_PROTOTYPES = YES;
				CLANG_WARN_SUSPICIOUS_MOVE = YES;
				CLANG_WARN_UNGUARDED_AVAILABILITY = YES_AGGRESSIVE;
				CLANG_WARN_UNREACHABLE_CODE = YES;
				CLANG_WARN__DUPLICATE_METHOD_MATCH = YES;
				CODE_SIGN_IDENTITY = "iPhone Developer";
				COPY_PHASE_STRIP = NO;
				DEBUG_INFORMATION_FORMAT = "dwarf-with-dsym";
				ENABLE_NS_ASSERTIONS = NO;
				ENABLE_STRICT_OBJC_MSGSEND = YES;
				GCC_C_LANGUAGE_STANDARD = gnu11;
				GCC_NO_COMMON_BLOCKS = YES;
				GCC_WARN_64_TO_32_BIT_CONVERSION = YES;
				GCC_WARN_ABOUT_RETURN_TYPE = YES_ERROR;
				GCC_WARN_UNDECLARED_SELECTOR = YES;
				GCC_WARN_UNINITIALIZED_AUTOS = YES_AGGRESSIVE;
				GCC_WARN_UNUSED_FUNCTION = YES;
				GCC_WARN_UNUSED_VARIABLE = YES;
				IPHONEOS_DEPLOYMENT_TARGET = 10.0;
				MTL_ENABLE_DEBUG_INFO = NO;
				MTL_FAST_MATH = YES;
				SDKROOT = iphoneos;
				SWIFT_COMPILATION_MODE = wholemodule;
				SWIFT_OPTIMIZATION_LEVEL = "-O";
				VALIDATE_PRODUCT = YES;
			};
			name = Release;
		};
		DDA634B822034C440044823B /* Debug */ = {
			isa = XCBuildConfiguration;
			baseConfigurationReference = E7CFAA99128BAFAA8F340095 /* Pods-LastFM.debug.xcconfig */;
			buildSettings = {
				ASSETCATALOG_COMPILER_APPICON_NAME = AppIcon;
				CODE_SIGN_STYLE = Automatic;
				DEVELOPMENT_TEAM = B6KRZX2358;
				INFOPLIST_FILE = LastFM/Info.plist;
				LD_RUNPATH_SEARCH_PATHS = (
					"$(inherited)",
					"@executable_path/Frameworks",
				);
				PRODUCT_BUNDLE_IDENTIFIER = veit.LastFM;
				PRODUCT_NAME = "$(TARGET_NAME)";
				SWIFT_VERSION = 4.2;
				TARGETED_DEVICE_FAMILY = "1,2";
			};
			name = Debug;
		};
		DDA634B922034C440044823B /* Release */ = {
			isa = XCBuildConfiguration;
			baseConfigurationReference = 0D8B477B98B7345D884140E5 /* Pods-LastFM.release.xcconfig */;
			buildSettings = {
				ASSETCATALOG_COMPILER_APPICON_NAME = AppIcon;
				CODE_SIGN_STYLE = Automatic;
				DEVELOPMENT_TEAM = B6KRZX2358;
				INFOPLIST_FILE = LastFM/Info.plist;
				LD_RUNPATH_SEARCH_PATHS = (
					"$(inherited)",
					"@executable_path/Frameworks",
				);
				PRODUCT_BUNDLE_IDENTIFIER = veit.LastFM;
				PRODUCT_NAME = "$(TARGET_NAME)";
				SWIFT_VERSION = 4.2;
				TARGETED_DEVICE_FAMILY = "1,2";
			};
			name = Release;
		};
/* End XCBuildConfiguration section */

/* Begin XCConfigurationList section */
		DDA634A022034C430044823B /* Build configuration list for PBXProject "LastFM" */ = {
			isa = XCConfigurationList;
			buildConfigurations = (
				DDA634B522034C440044823B /* Debug */,
				DDA634B622034C440044823B /* Release */,
			);
			defaultConfigurationIsVisible = 0;
			defaultConfigurationName = Release;
		};
		DDA634B722034C440044823B /* Build configuration list for PBXNativeTarget "LastFM" */ = {
			isa = XCConfigurationList;
			buildConfigurations = (
				DDA634B822034C440044823B /* Debug */,
				DDA634B922034C440044823B /* Release */,
			);
			defaultConfigurationIsVisible = 0;
			defaultConfigurationName = Release;
		};
/* End XCConfigurationList section */

/* Begin XCVersionGroup section */
		DD96A184220770EC0041136B /* DataModel.xcdatamodeld */ = {
			isa = XCVersionGroup;
			children = (
				DD96A185220770EC0041136B /* Model.xcdatamodel */,
			);
			currentVersion = DD96A185220770EC0041136B /* Model.xcdatamodel */;
			path = DataModel.xcdatamodeld;
			sourceTree = "<group>";
			versionGroupType = wrapper.xcdatamodel;
		};
/* End XCVersionGroup section */
	};
	rootObject = DDA6349D22034C430044823B /* Project object */;
}
